// !$*UTF8*$!
{
	archiveVersion = 1;
	classes = {
	};
	objectVersion = 50;
	objects = {

/* Begin PBXBuildFile section */
		CA742B0E21CA691C00E9227C /* AppDelegate.m in Sources */ = {isa = PBXBuildFile; fileRef = CA742B0D21CA691C00E9227C /* AppDelegate.m */; };
		CA742B1121CA691C00E9227C /* ViewController.m in Sources */ = {isa = PBXBuildFile; fileRef = CA742B1021CA691C00E9227C /* ViewController.m */; };
		CA742B1421CA691C00E9227C /* Main.storyboard in Resources */ = {isa = PBXBuildFile; fileRef = CA742B1221CA691C00E9227C /* Main.storyboard */; };
		CA742B1621CA691D00E9227C /* Assets.xcassets in Resources */ = {isa = PBXBuildFile; fileRef = CA742B1521CA691D00E9227C /* Assets.xcassets */; };
		CA742B1921CA691D00E9227C /* LaunchScreen.storyboard in Resources */ = {isa = PBXBuildFile; fileRef = CA742B1721CA691D00E9227C /* LaunchScreen.storyboard */; };
		CA742B1C21CA691D00E9227C /* main.m in Sources */ = {isa = PBXBuildFile; fileRef = CA742B1B21CA691D00E9227C /* main.m */; };
		CA742B2621CA691D00E9227C /* BasicTests.m in Sources */ = {isa = PBXBuildFile; fileRef = CA742B2521CA691D00E9227C /* BasicTests.m */; };
		CA742B3121CA691D00E9227C /* BasicUITests.m in Sources */ = {isa = PBXBuildFile; fileRef = CA742B3021CA691D00E9227C /* BasicUITests.m */; };
/* End PBXBuildFile section */

/* Begin PBXContainerItemProxy section */
		CA742B2221CA691D00E9227C /* PBXContainerItemProxy */ = {
			isa = PBXContainerItemProxy;
			containerPortal = CA742B0121CA691B00E9227C /* Project object */;
			proxyType = 1;
			remoteGlobalIDString = CA742B0821CA691B00E9227C;
			remoteInfo = Basic;
		};
		CA742B2D21CA691D00E9227C /* PBXContainerItemProxy */ = {
			isa = PBXContainerItemProxy;
			containerPortal = CA742B0121CA691B00E9227C /* Project object */;
			proxyType = 1;
			remoteGlobalIDString = CA742B0821CA691B00E9227C;
			remoteInfo = Basic;
		};
/* End PBXContainerItemProxy section */

/* Begin PBXFileReference section */
		CA742B0921CA691C00E9227C /* Basic.app */ = {isa = PBXFileReference; explicitFileType = wrapper.application; includeInIndex = 0; path = Basic.app; sourceTree = BUILT_PRODUCTS_DIR; };
		CA742B0C21CA691C00E9227C /* AppDelegate.h */ = {isa = PBXFileReference; lastKnownFileType = sourcecode.c.h; path = AppDelegate.h; sourceTree = "<group>"; };
		CA742B0D21CA691C00E9227C /* AppDelegate.m */ = {isa = PBXFileReference; lastKnownFileType = sourcecode.c.objc; path = AppDelegate.m; sourceTree = "<group>"; };
		CA742B0F21CA691C00E9227C /* ViewController.h */ = {isa = PBXFileReference; lastKnownFileType = sourcecode.c.h; path = ViewController.h; sourceTree = "<group>"; };
		CA742B1021CA691C00E9227C /* ViewController.m */ = {isa = PBXFileReference; lastKnownFileType = sourcecode.c.objc; path = ViewController.m; sourceTree = "<group>"; };
		CA742B1321CA691C00E9227C /* Base */ = {isa = PBXFileReference; lastKnownFileType = file.storyboard; name = Base; path = Base.lproj/Main.storyboard; sourceTree = "<group>"; };
		CA742B1521CA691D00E9227C /* Assets.xcassets */ = {isa = PBXFileReference; lastKnownFileType = folder.assetcatalog; path = Assets.xcassets; sourceTree = "<group>"; };
		CA742B1821CA691D00E9227C /* Base */ = {isa = PBXFileReference; lastKnownFileType = file.storyboard; name = Base; path = Base.lproj/LaunchScreen.storyboard; sourceTree = "<group>"; };
		CA742B1A21CA691D00E9227C /* Info.plist */ = {isa = PBXFileReference; lastKnownFileType = text.plist.xml; path = Info.plist; sourceTree = "<group>"; };
		CA742B1B21CA691D00E9227C /* main.m */ = {isa = PBXFileReference; lastKnownFileType = sourcecode.c.objc; path = main.m; sourceTree = "<group>"; };
		CA742B2121CA691D00E9227C /* BasicTests.xctest */ = {isa = PBXFileReference; explicitFileType = wrapper.cfbundle; includeInIndex = 0; path = BasicTests.xctest; sourceTree = BUILT_PRODUCTS_DIR; };
		CA742B2521CA691D00E9227C /* BasicTests.m */ = {isa = PBXFileReference; lastKnownFileType = sourcecode.c.objc; path = BasicTests.m; sourceTree = "<group>"; };
		CA742B2721CA691D00E9227C /* Info.plist */ = {isa = PBXFileReference; lastKnownFileType = text.plist.xml; path = Info.plist; sourceTree = "<group>"; };
		CA742B2C21CA691D00E9227C /* BasicUITests.xctest */ = {isa = PBXFileReference; explicitFileType = wrapper.cfbundle; includeInIndex = 0; path = BasicUITests.xctest; sourceTree = BUILT_PRODUCTS_DIR; };
		CA742B3021CA691D00E9227C /* BasicUITests.m */ = {isa = PBXFileReference; lastKnownFileType = sourcecode.c.objc; path = BasicUITests.m; sourceTree = "<group>"; };
		CA742B3221CA691D00E9227C /* Info.plist */ = {isa = PBXFileReference; lastKnownFileType = text.plist.xml; path = Info.plist; sourceTree = "<group>"; };
/* End PBXFileReference section */

/* Begin PBXFrameworksBuildPhase section */
		CA742B0621CA691B00E9227C /* Frameworks */ = {
			isa = PBXFrameworksBuildPhase;
			buildActionMask = 2147483647;
			files = (
			);
			runOnlyForDeploymentPostprocessing = 0;
		};
		CA742B1E21CA691D00E9227C /* Frameworks */ = {
			isa = PBXFrameworksBuildPhase;
			buildActionMask = 2147483647;
			files = (
			);
			runOnlyForDeploymentPostprocessing = 0;
		};
		CA742B2921CA691D00E9227C /* Frameworks */ = {
			isa = PBXFrameworksBuildPhase;
			buildActionMask = 2147483647;
			files = (
			);
			runOnlyForDeploymentPostprocessing = 0;
		};
/* End PBXFrameworksBuildPhase section */

/* Begin PBXGroup section */
		CA742B0021CA691B00E9227C = {
			isa = PBXGroup;
			children = (
				CA742B0B21CA691C00E9227C /* Basic */,
				CA742B2421CA691D00E9227C /* BasicTests */,
				CA742B2F21CA691D00E9227C /* BasicUITests */,
				CA742B0A21CA691C00E9227C /* Products */,
			);
			sourceTree = "<group>";
		};
		CA742B0A21CA691C00E9227C /* Products */ = {
			isa = PBXGroup;
			children = (
				CA742B0921CA691C00E9227C /* Basic.app */,
				CA742B2121CA691D00E9227C /* BasicTests.xctest */,
				CA742B2C21CA691D00E9227C /* BasicUITests.xctest */,
			);
			name = Products;
			sourceTree = "<group>";
		};
		CA742B0B21CA691C00E9227C /* Basic */ = {
			isa = PBXGroup;
			children = (
				CA742B0C21CA691C00E9227C /* AppDelegate.h */,
				CA742B0D21CA691C00E9227C /* AppDelegate.m */,
				CA742B0F21CA691C00E9227C /* ViewController.h */,
				CA742B1021CA691C00E9227C /* ViewController.m */,
				CA742B1221CA691C00E9227C /* Main.storyboard */,
				CA742B1521CA691D00E9227C /* Assets.xcassets */,
				CA742B1721CA691D00E9227C /* LaunchScreen.storyboard */,
				CA742B1A21CA691D00E9227C /* Info.plist */,
				CA742B1B21CA691D00E9227C /* main.m */,
			);
			path = Basic;
			sourceTree = "<group>";
		};
		CA742B2421CA691D00E9227C /* BasicTests */ = {
			isa = PBXGroup;
			children = (
				CA742B2521CA691D00E9227C /* BasicTests.m */,
				CA742B2721CA691D00E9227C /* Info.plist */,
			);
			path = BasicTests;
			sourceTree = "<group>";
		};
		CA742B2F21CA691D00E9227C /* BasicUITests */ = {
			isa = PBXGroup;
			children = (
				CA742B3021CA691D00E9227C /* BasicUITests.m */,
				CA742B3221CA691D00E9227C /* Info.plist */,
			);
			path = BasicUITests;
			sourceTree = "<group>";
		};
/* End PBXGroup section */

/* Begin PBXNativeTarget section */
		CA742B0821CA691B00E9227C /* Basic */ = {
			isa = PBXNativeTarget;
			buildConfigurationList = CA742B3521CA691D00E9227C /* Build configuration list for PBXNativeTarget "Basic" */;
			buildPhases = (
				CA742B0521CA691B00E9227C /* Sources */,
				CA742B0621CA691B00E9227C /* Frameworks */,
				CA742B0721CA691B00E9227C /* Resources */,
			);
			buildRules = (
			);
			dependencies = (
			);
			name = Basic;
			productName = Basic;
			productReference = CA742B0921CA691C00E9227C /* Basic.app */;
			productType = "com.apple.product-type.application";
		};
		CA742B2021CA691D00E9227C /* BasicTests */ = {
			isa = PBXNativeTarget;
			buildConfigurationList = CA742B3821CA691D00E9227C /* Build configuration list for PBXNativeTarget "BasicTests" */;
			buildPhases = (
				CA742B1D21CA691D00E9227C /* Sources */,
				CA742B1E21CA691D00E9227C /* Frameworks */,
				CA742B1F21CA691D00E9227C /* Resources */,
			);
			buildRules = (
			);
			dependencies = (
				CA742B2321CA691D00E9227C /* PBXTargetDependency */,
			);
			name = BasicTests;
			productName = BasicTests;
			productReference = CA742B2121CA691D00E9227C /* BasicTests.xctest */;
			productType = "com.apple.product-type.bundle.unit-test";
		};
		CA742B2B21CA691D00E9227C /* BasicUITests */ = {
			isa = PBXNativeTarget;
			buildConfigurationList = CA742B3B21CA691D00E9227C /* Build configuration list for PBXNativeTarget "BasicUITests" */;
			buildPhases = (
				CA742B2821CA691D00E9227C /* Sources */,
				CA742B2921CA691D00E9227C /* Frameworks */,
				CA742B2A21CA691D00E9227C /* Resources */,
			);
			buildRules = (
			);
			dependencies = (
				CA742B2E21CA691D00E9227C /* PBXTargetDependency */,
			);
			name = BasicUITests;
			productName = BasicUITests;
			productReference = CA742B2C21CA691D00E9227C /* BasicUITests.xctest */;
			productType = "com.apple.product-type.bundle.ui-testing";
		};
/* End PBXNativeTarget section */

/* Begin PBXProject section */
		CA742B0121CA691B00E9227C /* Project object */ = {
			isa = PBXProject;
			attributes = {
				LastUpgradeCheck = 1000;
				ORGANIZATIONNAME = Barry;
				TargetAttributes = {
					CA742B0821CA691B00E9227C = {
						CreatedOnToolsVersion = 10.0;
					};
					CA742B2021CA691D00E9227C = {
						CreatedOnToolsVersion = 10.0;
						TestTargetID = CA742B0821CA691B00E9227C;
					};
					CA742B2B21CA691D00E9227C = {
						CreatedOnToolsVersion = 10.0;
						TestTargetID = CA742B0821CA691B00E9227C;
					};
				};
			};
			buildConfigurationList = CA742B0421CA691B00E9227C /* Build configuration list for PBXProject "Basic" */;
			compatibilityVersion = "Xcode 9.3";
			developmentRegion = en;
			hasScannedForEncodings = 0;
			knownRegions = (
				en,
				Base,
			);
			mainGroup = CA742B0021CA691B00E9227C;
			productRefGroup = CA742B0A21CA691C00E9227C /* Products */;
			projectDirPath = "";
			projectRoot = "";
			targets = (
				CA742B0821CA691B00E9227C /* Basic */,
				CA742B2021CA691D00E9227C /* BasicTests */,
				CA742B2B21CA691D00E9227C /* BasicUITests */,
			);
		};
/* End PBXProject section */

/* Begin PBXResourcesBuildPhase section */
		CA742B0721CA691B00E9227C /* Resources */ = {
			isa = PBXResourcesBuildPhase;
			buildActionMask = 2147483647;
			files = (
				CA742B1921CA691D00E9227C /* LaunchScreen.storyboard in Resources */,
				CA742B1621CA691D00E9227C /* Assets.xcassets in Resources */,
				CA742B1421CA691C00E9227C /* Main.storyboard in Resources */,
			);
			runOnlyForDeploymentPostprocessing = 0;
		};
		CA742B1F21CA691D00E9227C /* Resources */ = {
			isa = PBXResourcesBuildPhase;
			buildActionMask = 2147483647;
			files = (
			);
			runOnlyForDeploymentPostprocessing = 0;
		};
		CA742B2A21CA691D00E9227C /* Resources */ = {
			isa = PBXResourcesBuildPhase;
			buildActionMask = 2147483647;
			files = (
			);
			runOnlyForDeploymentPostprocessing = 0;
		};
/* End PBXResourcesBuildPhase section */

/* Begin PBXSourcesBuildPhase section */
		CA742B0521CA691B00E9227C /* Sources */ = {
			isa = PBXSourcesBuildPhase;
			buildActionMask = 2147483647;
			files = (
				CA742B1121CA691C00E9227C /* ViewController.m in Sources */,
				CA742B1C21CA691D00E9227C /* main.m in Sources */,
				CA742B0E21CA691C00E9227C /* AppDelegate.m in Sources */,
			);
			runOnlyForDeploymentPostprocessing = 0;
		};
		CA742B1D21CA691D00E9227C /* Sources */ = {
			isa = PBXSourcesBuildPhase;
			buildActionMask = 2147483647;
			files = (
				CA742B2621CA691D00E9227C /* BasicTests.m in Sources */,
			);
			runOnlyForDeploymentPostprocessing = 0;
		};
		CA742B2821CA691D00E9227C /* Sources */ = {
			isa = PBXSourcesBuildPhase;
			buildActionMask = 2147483647;
			files = (
				CA742B3121CA691D00E9227C /* BasicUITests.m in Sources */,
			);
			runOnlyForDeploymentPostprocessing = 0;
		};
/* End PBXSourcesBuildPhase section */

/* Begin PBXTargetDependency section */
		CA742B2321CA691D00E9227C /* PBXTargetDependency */ = {
			isa = PBXTargetDependency;
			target = CA742B0821CA691B00E9227C /* Basic */;
			targetProxy = CA742B2221CA691D00E9227C /* PBXContainerItemProxy */;
		};
		CA742B2E21CA691D00E9227C /* PBXTargetDependency */ = {
			isa = PBXTargetDependency;
			target = CA742B0821CA691B00E9227C /* Basic */;
			targetProxy = CA742B2D21CA691D00E9227C /* PBXContainerItemProxy */;
		};
/* End PBXTargetDependency section */

/* Begin PBXVariantGroup section */
		CA742B1221CA691C00E9227C /* Main.storyboard */ = {
			isa = PBXVariantGroup;
			children = (
				CA742B1321CA691C00E9227C /* Base */,
			);
			name = Main.storyboard;
			sourceTree = "<group>";
		};
		CA742B1721CA691D00E9227C /* LaunchScreen.storyboard */ = {
			isa = PBXVariantGroup;
			children = (
				CA742B1821CA691D00E9227C /* Base */,
			);
			name = LaunchScreen.storyboard;
			sourceTree = "<group>";
		};
/* End PBXVariantGroup section */

/* Begin XCBuildConfiguration section */
		CA742B3321CA691D00E9227C /* Debug */ = {
			isa = XCBuildConfiguration;
			buildSettings = {
				ALWAYS_SEARCH_USER_PATHS = NO;
				CLANG_ANALYZER_NONNULL = YES;
				CLANG_ANALYZER_NUMBER_OBJECT_CONVERSION = YES_AGGRESSIVE;
				CLANG_CXX_LANGUAGE_STANDARD = "gnu++14";
				CLANG_CXX_LIBRARY = "libc++";
				CLANG_ENABLE_MODULES = YES;
				CLANG_ENABLE_OBJC_ARC = YES;
				CLANG_ENABLE_OBJC_WEAK = YES;
				CLANG_WARN_BLOCK_CAPTURE_AUTORELEASING = YES;
				CLANG_WARN_BOOL_CONVERSION = YES;
				CLANG_WARN_COMMA = YES;
				CLANG_WARN_CONSTANT_CONVERSION = YES;
				CLANG_WARN_DEPRECATED_OBJC_IMPLEMENTATIONS = YES;
				CLANG_WARN_DIRECT_OBJC_ISA_USAGE = YES_ERROR;
				CLANG_WARN_DOCUMENTATION_COMMENTS = YES;
				CLANG_WARN_EMPTY_BODY = YES;
				CLANG_WARN_ENUM_CONVERSION = YES;
				CLANG_WARN_INFINITE_RECURSION = YES;
				CLANG_WARN_INT_CONVERSION = YES;
				CLANG_WARN_NON_LITERAL_NULL_CONVERSION = YES;
				CLANG_WARN_OBJC_IMPLICIT_RETAIN_SELF = YES;
				CLANG_WARN_OBJC_LITERAL_CONVERSION = YES;
				CLANG_WARN_OBJC_ROOT_CLASS = YES_ERROR;
				CLANG_WARN_RANGE_LOOP_ANALYSIS = YES;
				CLANG_WARN_STRICT_PROTOTYPES = YES;
				CLANG_WARN_SUSPICIOUS_MOVE = YES;
				CLANG_WARN_UNGUARDED_AVAILABILITY = YES_AGGRESSIVE;
				CLANG_WARN_UNREACHABLE_CODE = YES;
				CLANG_WARN__DUPLICATE_METHOD_MATCH = YES;
				CODE_SIGN_IDENTITY = "iPhone Developer";
				COPY_PHASE_STRIP = NO;
				DEBUG_INFORMATION_FORMAT = dwarf;
				ENABLE_STRICT_OBJC_MSGSEND = YES;
				ENABLE_TESTABILITY = YES;
				GCC_C_LANGUAGE_STANDARD = gnu11;
				GCC_DYNAMIC_NO_PIC = NO;
				GCC_NO_COMMON_BLOCKS = YES;
				GCC_OPTIMIZATION_LEVEL = 0;
				GCC_PREPROCESSOR_DEFINITIONS = (
					"DEBUG=1",
					"$(inherited)",
				);
				GCC_WARN_64_TO_32_BIT_CONVERSION = YES;
				GCC_WARN_ABOUT_RETURN_TYPE = YES_ERROR;
				GCC_WARN_UNDECLARED_SELECTOR = YES;
				GCC_WARN_UNINITIALIZED_AUTOS = YES_AGGRESSIVE;
				GCC_WARN_UNUSED_FUNCTION = YES;
				GCC_WARN_UNUSED_VARIABLE = YES;
				IPHONEOS_DEPLOYMENT_TARGET = 12.0;
				MTL_ENABLE_DEBUG_INFO = INCLUDE_SOURCE;
				MTL_FAST_MATH = YES;
				ONLY_ACTIVE_ARCH = YES;
				SDKROOT = iphoneos;
			};
			name = Debug;
		};
		CA742B3421CA691D00E9227C /* Release */ = {
			isa = XCBuildConfiguration;
			buildSettings = {
				ALWAYS_SEARCH_USER_PATHS = NO;
				CLANG_ANALYZER_NONNULL = YES;
				CLANG_ANALYZER_NUMBER_OBJECT_CONVERSION = YES_AGGRESSIVE;
				CLANG_CXX_LANGUAGE_STANDARD = "gnu++14";
				CLANG_CXX_LIBRARY = "libc++";
				CLANG_ENABLE_MODULES = YES;
				CLANG_ENABLE_OBJC_ARC = YES;
				CLANG_ENABLE_OBJC_WEAK = YES;
				CLANG_WARN_BLOCK_CAPTURE_AUTORELEASING = YES;
				CLANG_WARN_BOOL_CONVERSION = YES;
				CLANG_WARN_COMMA = YES;
				CLANG_WARN_CONSTANT_CONVERSION = YES;
				CLANG_WARN_DEPRECATED_OBJC_IMPLEMENTATIONS = YES;
				CLANG_WARN_DIRECT_OBJC_ISA_USAGE = YES_ERROR;
				CLANG_WARN_DOCUMENTATION_COMMENTS = YES;
				CLANG_WARN_EMPTY_BODY = YES;
				CLANG_WARN_ENUM_CONVERSION = YES;
				CLANG_WARN_INFINITE_RECURSION = YES;
				CLANG_WARN_INT_CONVERSION = YES;
				CLANG_WARN_NON_LITERAL_NULL_CONVERSION = YES;
				CLANG_WARN_OBJC_IMPLICIT_RETAIN_SELF = YES;
				CLANG_WARN_OBJC_LITERAL_CONVERSION = YES;
				CLANG_WARN_OBJC_ROOT_CLASS = YES_ERROR;
				CLANG_WARN_RANGE_LOOP_ANALYSIS = YES;
				CLANG_WARN_STRICT_PROTOTYPES = YES;
				CLANG_WARN_SUSPICIOUS_MOVE = YES;
				CLANG_WARN_UNGUARDED_AVAILABILITY = YES_AGGRESSIVE;
				CLANG_WARN_UNREACHABLE_CODE = YES;
				CLANG_WARN__DUPLICATE_METHOD_MATCH = YES;
				CODE_SIGN_IDENTITY = "iPhone Developer";
				COPY_PHASE_STRIP = NO;
				DEBUG_INFORMATION_FORMAT = "dwarf-with-dsym";
				ENABLE_NS_ASSERTIONS = NO;
				ENABLE_STRICT_OBJC_MSGSEND = YES;
				GCC_C_LANGUAGE_STANDARD = gnu11;
				GCC_NO_COMMON_BLOCKS = YES;
				GCC_WARN_64_TO_32_BIT_CONVERSION = YES;
				GCC_WARN_ABOUT_RETURN_TYPE = YES_ERROR;
				GCC_WARN_UNDECLARED_SELECTOR = YES;
				GCC_WARN_UNINITIALIZED_AUTOS = YES_AGGRESSIVE;
				GCC_WARN_UNUSED_FUNCTION = YES;
				GCC_WARN_UNUSED_VARIABLE = YES;
				IPHONEOS_DEPLOYMENT_TARGET = 12.0;
				MTL_ENABLE_DEBUG_INFO = NO;
				MTL_FAST_MATH = YES;
				SDKROOT = iphoneos;
				VALIDATE_PRODUCT = YES;
			};
			name = Release;
		};
		CA742B3621CA691D00E9227C /* Debug */ = {
			isa = XCBuildConfiguration;
			buildSettings = {
				ASSETCATALOG_COMPILER_APPICON_NAME = AppIcon;
				CODE_SIGN_STYLE = Automatic;
				INFOPLIST_FILE = Basic/Info.plist;
				LD_RUNPATH_SEARCH_PATHS = (
					"$(inherited)",
					"@executable_path/Frameworks",
				);
				PRODUCT_BUNDLE_IDENTIFIER = Barry.Basic;
				PRODUCT_NAME = "$(TARGET_NAME)";
				TARGETED_DEVICE_FAMILY = "1,2";
			};
			name = Debug;
		};
		CA742B3721CA691D00E9227C /* Release */ = {
			isa = XCBuildConfiguration;
			buildSettings = {
				ASSETCATALOG_COMPILER_APPICON_NAME = AppIcon;
				CODE_SIGN_STYLE = Automatic;
				INFOPLIST_FILE = Basic/Info.plist;
				LD_RUNPATH_SEARCH_PATHS = (
					"$(inherited)",
					"@executable_path/Frameworks",
				);
				PRODUCT_BUNDLE_IDENTIFIER = Barry.Basic;
				PRODUCT_NAME = "$(TARGET_NAME)";
				TARGETED_DEVICE_FAMILY = "1,2";
			};
			name = Release;
		};
		CA742B3921CA691D00E9227C /* Debug */ = {
			isa = XCBuildConfiguration;
			buildSettings = {
				BUNDLE_LOADER = "$(TEST_HOST)";
				CODE_SIGN_STYLE = Automatic;
				INFOPLIST_FILE = BasicTests/Info.plist;
				LD_RUNPATH_SEARCH_PATHS = (
					"$(inherited)",
					"@executable_path/Frameworks",
					"@loader_path/Frameworks",
				);
				PRODUCT_BUNDLE_IDENTIFIER = Barry.BasicTests;
				PRODUCT_NAME = "$(TARGET_NAME)";
				TARGETED_DEVICE_FAMILY = "1,2";
				TEST_HOST = "$(BUILT_PRODUCTS_DIR)/Basic.app/Basic";
			};
			name = Debug;
		};
		CA742B3A21CA691D00E9227C /* Release */ = {
			isa = XCBuildConfiguration;
			buildSettings = {
				BUNDLE_LOADER = "$(TEST_HOST)";
				CODE_SIGN_STYLE = Automatic;
				INFOPLIST_FILE = BasicTests/Info.plist;
				LD_RUNPATH_SEARCH_PATHS = (
					"$(inherited)",
					"@executable_path/Frameworks",
					"@loader_path/Frameworks",
				);
				PRODUCT_BUNDLE_IDENTIFIER = Barry.BasicTests;
				PRODUCT_NAME = "$(TARGET_NAME)";
				TARGETED_DEVICE_FAMILY = "1,2";
				TEST_HOST = "$(BUILT_PRODUCTS_DIR)/Basic.app/Basic";
			};
			name = Release;
		};
		CA742B3C21CA691D00E9227C /* Debug */ = {
			isa = XCBuildConfiguration;
			buildSettings = {
				CODE_SIGN_STYLE = Automatic;
				INFOPLIST_FILE = BasicUITests/Info.plist;
				LD_RUNPATH_SEARCH_PATHS = (
					"$(inherited)",
					"@executable_path/Frameworks",
					"@loader_path/Frameworks",
				);
				PRODUCT_BUNDLE_IDENTIFIER = Barry.BasicUITests;
				PRODUCT_NAME = "$(TARGET_NAME)";
				TARGETED_DEVICE_FAMILY = "1,2";
				TEST_TARGET_NAME = Basic;
			};
			name = Debug;
		};
		CA742B3D21CA691D00E9227C /* Release */ = {
			isa = XCBuildConfiguration;
			buildSettings = {
				CODE_SIGN_STYLE = Automatic;
				INFOPLIST_FILE = BasicUITests/Info.plist;
				LD_RUNPATH_SEARCH_PATHS = (
					"$(inherited)",
					"@executable_path/Frameworks",
					"@loader_path/Frameworks",
				);
				PRODUCT_BUNDLE_IDENTIFIER = Barry.BasicUITests;
				PRODUCT_NAME = "$(TARGET_NAME)";
				TARGETED_DEVICE_FAMILY = "1,2";
				TEST_TARGET_NAME = Basic;
			};
			name = Release;
		};
/* End XCBuildConfiguration section */

/* Begin XCConfigurationList section */
		CA742B0421CA691B00E9227C /* Build configuration list for PBXProject "Basic" */ = {
			isa = XCConfigurationList;
			buildConfigurations = (
				CA742B3321CA691D00E9227C /* Debug */,
				CA742B3421CA691D00E9227C /* Release */,
			);
			defaultConfigurationIsVisible = 0;
			defaultConfigurationName = Release;
		};
		CA742B3521CA691D00E9227C /* Build configuration list for PBXNativeTarget "Basic" */ = {
			isa = XCConfigurationList;
			buildConfigurations = (
				CA742B3621CA691D00E9227C /* Debug */,
				CA742B3721CA691D00E9227C /* Release */,
			);
			defaultConfigurationIsVisible = 0;
			defaultConfigurationName = Release;
		};
		CA742B3821CA691D00E9227C /* Build configuration list for PBXNativeTarget "BasicTests" */ = {
			isa = XCConfigurationList;
			buildConfigurations = (
				CA742B3921CA691D00E9227C /* Debug */,
				CA742B3A21CA691D00E9227C /* Release */,
			);
			defaultConfigurationIsVisible = 0;
			defaultConfigurationName = Release;
		};
		CA742B3B21CA691D00E9227C /* Build configuration list for PBXNativeTarget "BasicUITests" */ = {
			isa = XCConfigurationList;
			buildConfigurations = (
				CA742B3C21CA691D00E9227C /* Debug */,
				CA742B3D21CA691D00E9227C /* Release */,
			);
			defaultConfigurationIsVisible = 0;
			defaultConfigurationName = Release;
		};
/* End XCConfigurationList section */
	};
	rootObject = CA742B0121CA691B00E9227C /* Project object */;
}
